
Microsoft Visual Studio Solution File, Format Version 12.00
# Visual Studio Version 17
VisualStudioVersion = 17.0.31903.59
MinimumVisualStudioVersion = 10.0.40219.1
Project("{2150E333-8FDC-42A3-9474-1A3956D46DE8}") = "src", "src", "{71F451C5-A712-4764-8DB5-2546E563E2F9}"
EndProject
Project("{FAE04EC0-301F-11D3-BF4B-00C04F79EFBC}") = "Vime.Server", "src\Vime.Server\Vime.Server.csproj", "{54E6A09A-3B65-4A88-B784-058B42FED6FB}"
EndProject
Project("{FAE04EC0-301F-11D3-BF4B-00C04F79EFBC}") = "vime.client", "src\vime.client\vime.client.csproj", "{8E9C5B2A-04A7-4155-B39F-8F24DD0CBD59}"
EndProject
Global
	GlobalSection(SolutionConfigurationPlatforms) = preSolution
		Debug|Any CPU = Debug|Any CPU
		Release|Any CPU = Release|Any CPU
	EndGlobalSection
	GlobalSection(ProjectConfigurationPlatforms) = postSolution
		{54E6A09A-3B65-4A88-B784-058B42FED6FB}.Debug|Any CPU.ActiveCfg = Debug|Any CPU
		{54E6A09A-3B65-4A88-B784-058B42FED6FB}.Debug|Any CPU.Build.0 = Debug|Any CPU
		{54E6A09A-3B65-4A88-B784-058B42FED6FB}.Release|Any CPU.ActiveCfg = Release|Any CPU
		{54E6A09A-3B65-4A88-B784-058B42FED6FB}.Release|Any CPU.Build.0 = Release|Any CPU
		{8E9C5B2A-04A7-4155-B39F-8F24DD0CBD59}.Debug|Any CPU.ActiveCfg = Debug|Any CPU
		{8E9C5B2A-04A7-4155-B39F-8F24DD0CBD59}.Debug|Any CPU.Build.0 = Debug|Any CPU
		{8E9C5B2A-04A7-4155-B39F-8F24DD0CBD59}.Release|Any CPU.ActiveCfg = Release|Any CPU
		{8E9C5B2A-04A7-4155-B39F-8F24DD0CBD59}.Release|Any CPU.Build.0 = Release|Any CPU
	EndGlobalSection
	GlobalSection(SolutionProperties) = preSolution
		HideSolutionNode = FALSE
	EndGlobalSection
	GlobalSection(NestedProjects) = preSolution
		{54E6A09A-3B65-4A88-B784-058B42FED6FB} = {71F451C5-A712-4764-8DB5-2546E563E2F9}
		{8E9C5B2A-04A7-4155-B39F-8F24DD0CBD59} = {71F451C5-A712-4764-8DB5-2546E563E2F9}
	EndGlobalSection
EndGlobal
